PODS:
  - Masonry (1.1.0)
  - YBUtils (0.1.4)

DEPENDENCIES:
  - Masonry (~> 1.1.0)
  - YBUtils (~> 0.1.0)

SPEC CHECKSUMS:
  Masonry: 678fab65091a9290e40e2832a55e7ab731aad201
  YBUtils: 9f5b1caeef6206ea43d4442336a9953a68cc11b2

PODFILE CHECKSUM: 2705c5cf9bf2c48e4054968549511bb2c56ebafb

COCOAPODS: 1.4.0
